{
	"name": "chess",
	"version": "0.0.1",
	"lockfileVersion": 2,
	"requires": true,
	"packages": {
		"": {
			"name": "chess",
			"version": "0.0.1",
			"dependencies": {
				"socket.io": "0.9.2"
			},
			"engines": {
				"node": "0.8.x",
				"npm": "1.1.x"
			}
		},
		"node_modules/active-x-obfuscator": {
			"version": "0.0.1",
			"resolved": "https://registry.npmjs.org/active-x-obfuscator/-/active-x-obfuscator-0.0.1.tgz",
			"integrity": "sha512-8gdEZinfLSCfAUulETDth4ZSIDPSchiPgm5PLrXQC6BANf1YFEDrPPM2MdK2zcekMROwtM667QFuYw/H6ZV06Q==",
			"dependencies": {
				"zeparser": "0.0.5"
			},
			"engines": {
				"node": "*"
			}
		},
		"node_modules/commander": {
			"version": "2.1.0",
			"resolved": "https://registry.npmjs.org/commander/-/commander-2.1.0.tgz",
			"integrity": "sha512-J2wnb6TKniXNOtoHS8TSrG9IOQluPrsmyAJ8oCUJOBmv+uLBCyPYAZkD2jFvw2DCzIXNnISIM01NIvr35TkBMQ==",
			"engines": {
				"node": ">= 0.6.x"
			}
		},
		"node_modules/nan": {
			"version": "1.0.0",
			"resolved": "https://registry.npmjs.org/nan/-/nan-1.0.0.tgz",
			"integrity": "sha512-Wm2/nFOm2y9HtJfgOLnctGbfvF23FcQZeyUZqDD8JQG3zO5kXh3MkQKiUaA68mJiVWrOzLFkAV1u6bC8P52DJA=="
		},
		"node_modules/options": {
			"version": "0.0.6",
			"resolved": "https://registry.npmjs.org/options/-/options-0.0.6.tgz",
			"integrity": "sha512-bOj3L1ypm++N+n7CEbbe473A414AB7z+amKYshRb//iuL3MpdDCLhPnw6aVTdKB9g5ZRVHIEp8eUln6L2NUStg==",
			"engines": {
				"node": ">=0.4.0"
			}
		},
		"node_modules/policyfile": {
			"version": "0.0.4",
			"resolved": "https://registry.npmjs.org/policyfile/-/policyfile-0.0.4.tgz",
			"integrity": "sha512-UfDtlscNialXfmVEwEPm0t/5qtM0xPK025eYWd/ilv89hxLIhVQmt3QIzMHincLO2MBtZyww0386pt13J4aIhQ==",
			"engines": {
				"node": "*"
			}
		},
		"node_modules/redis": {
			"version": "0.6.7",
			"resolved": "https://registry.npmjs.org/redis/-/redis-0.6.7.tgz",
			"integrity": "sha512-g5t7tTf9QXNryrfDefqu0K1gZ3LnFejtlylXBd/cBEVZ07F9tXP8nUGdrF1sU/h5l9qJJSbgdBgVdJselb36tA==",
			"engines": {
				"node": "*"
			}
		},
		"node_modules/socket.io": {
			"version": "0.9.2",
			"resolved": "https://registry.npmjs.org/socket.io/-/socket.io-0.9.2.tgz",
			"integrity": "sha512-FFlyuRpkSUVfGrNlW3jnRtfh1qXjd02sLgAH6NU5Fg2llE3z1eHUgY2XUCKoPz0OvOA9CYrESDO3r9bUOYlPxA==",
			"dependencies": {
				"policyfile": "0.0.4",
				"redis": "0.6.7",
				"socket.io-client": "0.9.2"
			},
			"engines": {
				"node": ">= 0.4.0"
			}
		},
		"node_modules/socket.io-client": {
			"version": "0.9.2",
			"resolved": "https://registry.npmjs.org/socket.io-client/-/socket.io-client-0.9.2.tgz",
			"integrity": "sha512-8QwoJ/oJqbuGamRMmgRWW1j26bL/AKnq8crDMlgolvYDHR3ryjGfY2lEvN6XKu7Upij9Sl19z1k5GoAYxsxUXw==",
			"dependencies": {
				"active-x-obfuscator": "0.0.1",
				"uglify-js": "1.2.5",
				"ws": "0.4.x",
				"xmlhttprequest": "1.2.2"
			},
			"engines": {
				"node": ">= 0.4.0"
			}
		},
		"node_modules/tinycolor": {
			"version": "0.0.1",
			"resolved": "https://registry.npmjs.org/tinycolor/-/tinycolor-0.0.1.tgz",
			"integrity": "sha512-+CorETse1kl98xg0WAzii8DTT4ABF4R3nquhrkIbVGcw1T8JYs5Gfx9xEfGINPUZGDj9C4BmOtuKeaTtuuRolg==",
			"engines": {
				"node": ">=0.4.0"
			}
		},
		"node_modules/uglify-js": {
			"version": "1.2.5",
			"resolved": "https://registry.npmjs.org/uglify-js/-/uglify-js-1.2.5.tgz",
			"integrity": "sha512-Ps1oQryKOcRDYuAN1tGpPWd/DIRMcdLz4p7JMxLjJiFvp+aaG01IEu0ZSoVvYUSxIkvW7k2X50BCW2InguEGlg==",
			"bin": {
				"uglifyjs": "bin/uglifyjs"
			},
			"engines": {
				"node": "*"
			}
		},
		"node_modules/ws": {
			"version": "0.4.32",
			"resolved": "https://registry.npmjs.org/ws/-/ws-0.4.32.tgz",
			"integrity": "sha512-htqsS0U9Z9lb3ITjidQkRvkLdVhQePrMeu475yEfOWkAYvJ6dSjQp1tOH6ugaddzX5b7sQjMPNtY71eTzrV/kA==",
			"hasInstallScript": true,
			"dependencies": {
				"commander": "~2.1.0",
				"nan": "~1.0.0",
				"options": ">=0.0.5",
				"tinycolor": "0.x"
			},
			"bin": {
				"wscat": "bin/wscat"
			},
			"engines": {
				"node": ">=0.4.0"
			}
		},
		"node_modules/xmlhttprequest": {
			"version": "1.2.2",
			"resolved": "https://registry.npmjs.org/xmlhttprequest/-/xmlhttprequest-1.2.2.tgz",
			"integrity": "sha512-TRragYedEfx5AYsKwL82dI3+V1SdIgVnLGzxD6X3t4xhX5n7jT++i2ozKPc4iB+/SlS/4XZ/HtYlxdxP9g8UZg==",
			"engines": {
				"node": "*"
			}
		},
		"node_modules/zeparser": {
			"version": "0.0.5",
			"resolved": "https://registry.npmjs.org/zeparser/-/zeparser-0.0.5.tgz",
			"integrity": "sha512-Qj4lJIRPy7hIW1zCBqwA3AW8F9uHswVoXPnotuY6uyNgbg5qGb6SJfWZi+YzD3DktbUnUoGiGZFhopbn9l1GYw==",
			"engines": {
				"node": "*"
			}
		}
	},
	"dependencies": {
		"active-x-obfuscator": {
			"version": "0.0.1",
			"resolved": "https://registry.npmjs.org/active-x-obfuscator/-/active-x-obfuscator-0.0.1.tgz",
			"integrity": "sha512-8gdEZinfLSCfAUulETDth4ZSIDPSchiPgm5PLrXQC6BANf1YFEDrPPM2MdK2zcekMROwtM667QFuYw/H6ZV06Q==",
			"requires": {
				"zeparser": "0.0.5"
			}
		},
		"commander": {
			"version": "2.1.0",
			"resolved": "https://registry.npmjs.org/commander/-/commander-2.1.0.tgz",
			"integrity": "sha512-J2wnb6TKniXNOtoHS8TSrG9IOQluPrsmyAJ8oCUJOBmv+uLBCyPYAZkD2jFvw2DCzIXNnISIM01NIvr35TkBMQ=="
		},
		"nan": {
			"version": "1.0.0",
			"resolved": "https://registry.npmjs.org/nan/-/nan-1.0.0.tgz",
			"integrity": "sha512-Wm2/nFOm2y9HtJfgOLnctGbfvF23FcQZeyUZqDD8JQG3zO5kXh3MkQKiUaA68mJiVWrOzLFkAV1u6bC8P52DJA=="
		},
		"options": {
			"version": "0.0.6",
			"resolved": "https://registry.npmjs.org/options/-/options-0.0.6.tgz",
			"integrity": "sha512-bOj3L1ypm++N+n7CEbbe473A414AB7z+amKYshRb//iuL3MpdDCLhPnw6aVTdKB9g5ZRVHIEp8eUln6L2NUStg=="
		},
		"policyfile": {
			"version": "0.0.4",
			"resolved": "https://registry.npmjs.org/policyfile/-/policyfile-0.0.4.tgz",
			"integrity": "sha512-UfDtlscNialXfmVEwEPm0t/5qtM0xPK025eYWd/ilv89hxLIhVQmt3QIzMHincLO2MBtZyww0386pt13J4aIhQ=="
		},
		"redis": {
			"version": "0.6.7",
			"resolved": "https://registry.npmjs.org/redis/-/redis-0.6.7.tgz",
			"integrity": "sha512-g5t7tTf9QXNryrfDefqu0K1gZ3LnFejtlylXBd/cBEVZ07F9tXP8nUGdrF1sU/h5l9qJJSbgdBgVdJselb36tA=="
		},
		"socket.io": {
			"version": "0.9.2",
			"resolved": "https://registry.npmjs.org/socket.io/-/socket.io-0.9.2.tgz",
			"integrity": "sha512-FFlyuRpkSUVfGrNlW3jnRtfh1qXjd02sLgAH6NU5Fg2llE3z1eHUgY2XUCKoPz0OvOA9CYrESDO3r9bUOYlPxA==",
			"requires": {
				"policyfile": "0.0.4",
				"redis": "0.6.7",
				"socket.io-client": "0.9.2"
			}
		},
		"socket.io-client": {
			"version": "0.9.2",
			"resolved": "https://registry.npmjs.org/socket.io-client/-/socket.io-client-0.9.2.tgz",
			"integrity": "sha512-8QwoJ/oJqbuGamRMmgRWW1j26bL/AKnq8crDMlgolvYDHR3ryjGfY2lEvN6XKu7Upij9Sl19z1k5GoAYxsxUXw==",
			"requires": {
				"active-x-obfuscator": "0.0.1",
				"uglify-js": "1.2.5",
				"ws": "0.4.x",
				"xmlhttprequest": "1.2.2"
			}
		},
		"tinycolor": {
			"version": "0.0.1",
			"resolved": "https://registry.npmjs.org/tinycolor/-/tinycolor-0.0.1.tgz",
			"integrity": "sha512-+CorETse1kl98xg0WAzii8DTT4ABF4R3nquhrkIbVGcw1T8JYs5Gfx9xEfGINPUZGDj9C4BmOtuKeaTtuuRolg=="
		},
		"uglify-js": {
			"version": "1.2.5",
			"resolved": "https://registry.npmjs.org/uglify-js/-/uglify-js-1.2.5.tgz",
			"integrity": "sha512-Ps1oQryKOcRDYuAN1tGpPWd/DIRMcdLz4p7JMxLjJiFvp+aaG01IEu0ZSoVvYUSxIkvW7k2X50BCW2InguEGlg=="
		},
		"ws": {
			"version": "0.4.32",
			"resolved": "https://registry.npmjs.org/ws/-/ws-0.4.32.tgz",
			"integrity": "sha512-htqsS0U9Z9lb3ITjidQkRvkLdVhQePrMeu475yEfOWkAYvJ6dSjQp1tOH6ugaddzX5b7sQjMPNtY71eTzrV/kA==",
			"requires": {
				"commander": "~2.1.0",
				"nan": "~1.0.0",
				"options": ">=0.0.5",
				"tinycolor": "0.x"
			}
		},
		"xmlhttprequest": {
			"version": "1.2.2",
			"resolved": "https://registry.npmjs.org/xmlhttprequest/-/xmlhttprequest-1.2.2.tgz",
			"integrity": "sha512-TRragYedEfx5AYsKwL82dI3+V1SdIgVnLGzxD6X3t4xhX5n7jT++i2ozKPc4iB+/SlS/4XZ/HtYlxdxP9g8UZg=="
		},
		"zeparser": {
			"version": "0.0.5",
			"resolved": "https://registry.npmjs.org/zeparser/-/zeparser-0.0.5.tgz",
			"integrity": "sha512-Qj4lJIRPy7hIW1zCBqwA3AW8F9uHswVoXPnotuY6uyNgbg5qGb6SJfWZi+YzD3DktbUnUoGiGZFhopbn9l1GYw=="
		}
	}
}
